
Microsoft Visual Studio Solution File, Format Version 12.00
# Visual Studio Version 17
VisualStudioVersion = 17.0.31919.166
MinimumVisualStudioVersion = 10.0.40219.1
Project("{9A19103F-16F7-4668-BE54-9A1E7A4F7556}") = "CoreKanbanMVC", "CoreKanbanMVC\CoreKanbanMVC.csproj", "{A715F526-2F02-4633-A180-53787D6CDF0C}"
EndProject
Global
	GlobalSection(SolutionConfigurationPlatforms) = preSolution
		Debug|Any CPU = Debug|Any CPU
		Release|Any CPU = Release|Any CPU
	EndGlobalSection
	GlobalSection(ProjectConfigurationPlatforms) = postSolution
		{A715F526-2F02-4633-A180-53787D6CDF0C}.Debug|Any CPU.ActiveCfg = Debug|Any CPU
		{A715F526-2F02-4633-A180-53787D6CDF0C}.Debug|Any CPU.Build.0 = Debug|Any CPU
		{A715F526-2F02-4633-A180-53787D6CDF0C}.Release|Any CPU.ActiveCfg = Release|Any CPU
		{A715F526-2F02-4633-A180-53787D6CDF0C}.Release|Any CPU.Build.0 = Release|Any CPU
	EndGlobalSection
	GlobalSection(SolutionProperties) = preSolution
		HideSolutionNode = FALSE
	EndGlobalSection
	GlobalSection(ExtensibilityGlobals) = postSolution
		SolutionGuid = {D379B344-0749-4333-91EA-C07D6B01FCA1}
	EndGlobalSection
EndGlobal
